
Microsoft Visual Studio Solution File, Format Version 12.00
# Visual Studio 15
VisualStudioVersion = 15.0.28010.2046
MinimumVisualStudioVersion = 10.0.40219.1
Project("{FAE04EC0-301F-11D3-BF4B-00C04F79EFBC}") = "calculadora", "calculadora\calculadora.csproj", "{463832A6-2C49-47FD-8961-156CACAAF660}"
EndProject
Global
	GlobalSection(SolutionConfigurationPlatforms) = preSolution
		Debug|Any CPU = Debug|Any CPU
		Release|Any CPU = Release|Any CPU
	EndGlobalSection
	GlobalSection(ProjectConfigurationPlatforms) = postSolution
		{463832A6-2C49-47FD-8961-156CACAAF660}.Debug|Any CPU.ActiveCfg = Debug|Any CPU
		{463832A6-2C49-47FD-8961-156CACAAF660}.Debug|Any CPU.Build.0 = Debug|Any CPU
		{463832A6-2C49-47FD-8961-156CACAAF660}.Release|Any CPU.ActiveCfg = Release|Any CPU
		{463832A6-2C49-47FD-8961-156CACAAF660}.Release|Any CPU.Build.0 = Release|Any CPU
	EndGlobalSection
	GlobalSection(SolutionProperties) = preSolution
		HideSolutionNode = FALSE
	EndGlobalSection
	GlobalSection(ExtensibilityGlobals) = postSolution
		SolutionGuid = {F9CBDCE5-14DF-4908-82AF-F10798E1DD29}
	EndGlobalSection
EndGlobal
